
Microsoft Visual Studio Solution File, Format Version 12.00
# Visual Studio Version 17
VisualStudioVersion = 17.6.33815.320
MinimumVisualStudioVersion = 10.0.40219.1
Project("{FAE04EC0-301F-11D3-BF4B-00C04F79EFBC}") = "WebAppDemo", "WebAppDemo\WebAppDemo.csproj", "{F43F10AA-6995-429F-9896-AF787221F292}"
EndProject
Global
	GlobalSection(SolutionConfigurationPlatforms) = preSolution
		Debug|Any CPU = Debug|Any CPU
		Release|Any CPU = Release|Any CPU
	EndGlobalSection
	GlobalSection(ProjectConfigurationPlatforms) = postSolution
		{F43F10AA-6995-429F-9896-AF787221F292}.Debug|Any CPU.ActiveCfg = Debug|Any CPU
		{F43F10AA-6995-429F-9896-AF787221F292}.Debug|Any CPU.Build.0 = Debug|Any CPU
		{F43F10AA-6995-429F-9896-AF787221F292}.Release|Any CPU.ActiveCfg = Release|Any CPU
		{F43F10AA-6995-429F-9896-AF787221F292}.Release|Any CPU.Build.0 = Release|Any CPU
	EndGlobalSection
	GlobalSection(SolutionProperties) = preSolution
		HideSolutionNode = FALSE
	EndGlobalSection
	GlobalSection(ExtensibilityGlobals) = postSolution
		SolutionGuid = {5C8153D0-9023-4054-AE17-E75189D2C1D7}
	EndGlobalSection
EndGlobal
